
Microsoft Visual Studio Solution File, Format Version 12.00
# Visual Studio 15
VisualStudioVersion = 15.0.28307.489
MinimumVisualStudioVersion = 10.0.40219.1
Project("{FAE04EC0-301F-11D3-BF4B-00C04F79EFBC}") = "StudentExercise8", "StudentExercise8\StudentExercise8.csproj", "{AC6256DB-30AC-438A-9D7F-895C02B3B465}"
EndProject
Global
	GlobalSection(SolutionConfigurationPlatforms) = preSolution
		Debug|Any CPU = Debug|Any CPU
		Release|Any CPU = Release|Any CPU
	EndGlobalSection
	GlobalSection(ProjectConfigurationPlatforms) = postSolution
		{AC6256DB-30AC-438A-9D7F-895C02B3B465}.Debug|Any CPU.ActiveCfg = Debug|Any CPU
		{AC6256DB-30AC-438A-9D7F-895C02B3B465}.Debug|Any CPU.Build.0 = Debug|Any CPU
		{AC6256DB-30AC-438A-9D7F-895C02B3B465}.Release|Any CPU.ActiveCfg = Release|Any CPU
		{AC6256DB-30AC-438A-9D7F-895C02B3B465}.Release|Any CPU.Build.0 = Release|Any CPU
	EndGlobalSection
	GlobalSection(SolutionProperties) = preSolution
		HideSolutionNode = FALSE
	EndGlobalSection
	GlobalSection(ExtensibilityGlobals) = postSolution
		SolutionGuid = {E5AF3ABE-5648-4B4F-92A5-F6DBA3DA80E3}
	EndGlobalSection
EndGlobal
